{
    "_readme": [
        "This file locks the dependencies of your project to a known state",
        "Read more about it at http://getcomposer.org/doc/01-basic-usage.md#composer-lock-the-lock-file",
        "This file is @generated automatically"
    ],
    "hash": "23d26ca4fdd2ac3efe50d305e815c177",
    "packages": [
        {
            "name": "symfony/css-selector",
            "version": "v2.5.2",
            "target-dir": "Symfony/Component/CssSelector",
            "source": {
                "type": "git",
                "url": "https://github.com/symfony/CssSelector.git",
                "reference": "e24b8215bf39a6a2ce0c262bc5b000724077afa9"
            },
            "dist": {
                "type": "zip",
                "url": "https://api.github.com/repos/symfony/CssSelector/zipball/e24b8215bf39a6a2ce0c262bc5b000724077afa9",
                "reference": "e24b8215bf39a6a2ce0c262bc5b000724077afa9",
                "shasum": ""
            },
            "require": {
                "php": ">=5.3.3"
            },
            "type": "library",
            "extra": {
                "branch-alias": {
                    "dev-master": "2.5-dev"
                }
            },
            "autoload": {
                "psr-0": {
                    "Symfony\\Component\\CssSelector\\": ""
                }
            },
            "notification-url": "https://packagist.org/downloads/",
            "license": [
                "MIT"
            ],
            "authors": [
                {
                    "name": "Fabien Potencier",
                    "email": "fabien@symfony.com",
                    "homepage": "http://fabien.potencier.org",
                    "role": "Lead Developer"
                },
                {
                    "name": "Symfony Community",
                    "homepage": "http://symfony.com/contributors"
                },
                {
                    "name": "Jean-François Simon",
                    "email": "jeanfrancois.simon@sensiolabs.com"
                }
            ],
            "description": "Symfony CssSelector Component",
            "homepage": "http://symfony.com",
            "time": "2014-07-09 09:05:48"
        },
        {
            "name": "tijsverkoyen/css-to-inline-styles",
            "version": "1.5.1",
            "source": {
                "type": "git",
                "url": "https://github.com/tijsverkoyen/CssToInlineStyles.git",
                "reference": "3dcfeae27c26a03b5ab467f70c0de94efa89e8e5"
            },
            "dist": {
                "type": "zip",
                "url": "https://api.github.com/repos/tijsverkoyen/CssToInlineStyles/zipball/3dcfeae27c26a03b5ab467f70c0de94efa89e8e5",
                "reference": "3dcfeae27c26a03b5ab467f70c0de94efa89e8e5",
                "shasum": ""
            },
            "require": {
                "php": ">=5.3.0",
                "symfony/css-selector": "~2.0"
            },
            "type": "library",
            "extra": {
                "branch-alias": {
                    "dev-master": "1.4.x-dev"
                }
            },
            "autoload": {
                "psr-4": {
                    "TijsVerkoyen\\CssToInlineStyles\\": "src"
                }
            },
            "notification-url": "https://packagist.org/downloads/",
            "license": [
                "BSD"
            ],
            "authors": [
                {
                    "name": "Tijs Verkoyen",
                    "email": "css_to_inline_styles@verkoyen.eu",
                    "role": "Developer"
                }
            ],
            "description": "CssToInlineStyles is a class that enables you to convert HTML-pages/files into HTML-pages/files with inline styles. This is very useful when you're sending emails.",
            "homepage": "https://github.com/tijsverkoyen/CssToInlineStyles",
            "time": "2014-07-25 14:16:33"
        }
    ],
    "packages-dev": [
        {
            "name": "swiftmailer/swiftmailer",
            "version": "v5.2.1",
            "source": {
                "type": "git",
                "url": "https://github.com/swiftmailer/swiftmailer.git",
                "reference": "2b9af56cc676c338d52fca4c657e5bdff73bb7af"
            },
            "dist": {
                "type": "zip",
                "url": "https://api.github.com/repos/swiftmailer/swiftmailer/zipball/2b9af56cc676c338d52fca4c657e5bdff73bb7af",
                "reference": "2b9af56cc676c338d52fca4c657e5bdff73bb7af",
                "shasum": ""
            },
            "require": {
                "php": ">=5.2.4"
            },
            "require-dev": {
                "mockery/mockery": "~0.9.1"
            },
            "type": "library",
            "extra": {
                "branch-alias": {
                    "dev-master": "5.2-dev"
                }
            },
            "autoload": {
                "files": [
                    "lib/swift_required.php"
                ]
            },
            "notification-url": "https://packagist.org/downloads/",
            "license": [
                "MIT"
            ],
            "authors": [
                {
                    "name": "Fabien Potencier",
                    "email": "fabien@symfony.com",
                    "homepage": "http://fabien.potencier.org",
                    "role": "Lead Developer"
                },
                {
                    "name": "Chris Corbyn"
                }
            ],
            "description": "Swiftmailer, free feature-rich PHP mailer",
            "homepage": "http://swiftmailer.org",
            "keywords": [
                "mail",
                "mailer"
            ],
            "time": "2014-06-13 11:44:54"
        }
    ],
    "aliases": [

    ],
    "minimum-stability": "stable",
    "stability-flags": [

    ],
    "platform": {
        "php": ">=5.3.2"
    },
    "platform-dev": [

    ]
}
